
Microsoft Visual Studio Solution File, Format Version 12.00
# Visual Studio Version 16
VisualStudioVersion = 16.0.30104.148
MinimumVisualStudioVersion = 10.0.40219.1
Project("{2150E333-8FDC-42A3-9474-1A3956D46DE8}") = "src", "src", "{D7A58800-6790-43BF-A1CF-3A1A0C236B8D}"
EndProject
Project("{2150E333-8FDC-42A3-9474-1A3956D46DE8}") = "tests", "tests", "{9E7DCAAE-C01F-4CC8-BFFD-235B175939A5}"
EndProject
Project("{9A19103F-16F7-4668-BE54-9A1E7A4F7556}") = "Core.Domain.UnitTests", "BusinessLine.Core.Domain.UnitTests\Core.Domain.UnitTests.csproj", "{A2E86D8E-847A-44C8-83BD-E802E8DCE84E}"
EndProject
Project("{9A19103F-16F7-4668-BE54-9A1E7A4F7556}") = "Core.Domain", "BusinessLine.Core.Domain\Core.Domain.csproj", "{26FAD9E2-9F28-45A1-9697-F56097D864FB}"
EndProject
Project("{9A19103F-16F7-4668-BE54-9A1E7A4F7556}") = "Core.Application.UnitTests", "BusinessLine.Core.Application.UnitTests\Core.Application.UnitTests.csproj", "{5FD16696-3673-42A0-B70E-D2F06AE45628}"
EndProject
Project("{9A19103F-16F7-4668-BE54-9A1E7A4F7556}") = "Core.Application", "BusinessLine.Core.Application\Core.Application.csproj", "{3FC791D3-6771-4149-B17B-8AB88C004E36}"
EndProject
Project("{9A19103F-16F7-4668-BE54-9A1E7A4F7556}") = "Common.UnitTests", "BusinessLines.Common.UnitTests\Common.UnitTests.csproj", "{469D320B-E1CE-4E4E-A5BE-757F4A318AE7}"
EndProject
Project("{9A19103F-16F7-4668-BE54-9A1E7A4F7556}") = "Common", "BusinessLine.Common\Common.csproj", "{D6FF7F97-1628-4931-B2DF-26368A45F20B}"
EndProject
Project("{9A19103F-16F7-4668-BE54-9A1E7A4F7556}") = "DataAccess", "BusinessLine.DataAccess\DataAccess.csproj", "{5BAA17E0-D189-48D7-B27F-E0B8CB0CA45C}"
EndProject
Project("{9A19103F-16F7-4668-BE54-9A1E7A4F7556}") = "Persistence", "BusinessLine.Persistance\Persistence.csproj", "{25615331-5EE3-43FD-B803-41C3B515132D}"
EndProject
Project("{9A19103F-16F7-4668-BE54-9A1E7A4F7556}") = "Infrastructure", "BusinessLine.Infrastructure\Infrastructure.csproj", "{6B554D20-C693-497D-9183-298F6CC9F632}"
EndProject
Project("{9A19103F-16F7-4668-BE54-9A1E7A4F7556}") = "API", "BusinessLine.API\API.csproj", "{4A9118FE-2109-4D81-A1ED-2F37EBE75118}"
EndProject
Project("{9A19103F-16F7-4668-BE54-9A1E7A4F7556}") = "API.UnitTests", "BusinessLine.API.UnitTests\API.UnitTests.csproj", "{DA38B31C-2703-46E6-969F-F7799C2B8940}"
EndProject
Global
	GlobalSection(SolutionConfigurationPlatforms) = preSolution
		Debug|Any CPU = Debug|Any CPU
		Release|Any CPU = Release|Any CPU
	EndGlobalSection
	GlobalSection(ProjectConfigurationPlatforms) = postSolution
		{A2E86D8E-847A-44C8-83BD-E802E8DCE84E}.Debug|Any CPU.ActiveCfg = Debug|Any CPU
		{A2E86D8E-847A-44C8-83BD-E802E8DCE84E}.Debug|Any CPU.Build.0 = Debug|Any CPU
		{A2E86D8E-847A-44C8-83BD-E802E8DCE84E}.Release|Any CPU.ActiveCfg = Release|Any CPU
		{A2E86D8E-847A-44C8-83BD-E802E8DCE84E}.Release|Any CPU.Build.0 = Release|Any CPU
		{26FAD9E2-9F28-45A1-9697-F56097D864FB}.Debug|Any CPU.ActiveCfg = Debug|Any CPU
		{26FAD9E2-9F28-45A1-9697-F56097D864FB}.Debug|Any CPU.Build.0 = Debug|Any CPU
		{26FAD9E2-9F28-45A1-9697-F56097D864FB}.Release|Any CPU.ActiveCfg = Release|Any CPU
		{26FAD9E2-9F28-45A1-9697-F56097D864FB}.Release|Any CPU.Build.0 = Release|Any CPU
		{5FD16696-3673-42A0-B70E-D2F06AE45628}.Debug|Any CPU.ActiveCfg = Debug|Any CPU
		{5FD16696-3673-42A0-B70E-D2F06AE45628}.Debug|Any CPU.Build.0 = Debug|Any CPU
		{5FD16696-3673-42A0-B70E-D2F06AE45628}.Release|Any CPU.ActiveCfg = Release|Any CPU
		{5FD16696-3673-42A0-B70E-D2F06AE45628}.Release|Any CPU.Build.0 = Release|Any CPU
		{3FC791D3-6771-4149-B17B-8AB88C004E36}.Debug|Any CPU.ActiveCfg = Debug|Any CPU
		{3FC791D3-6771-4149-B17B-8AB88C004E36}.Debug|Any CPU.Build.0 = Debug|Any CPU
		{3FC791D3-6771-4149-B17B-8AB88C004E36}.Release|Any CPU.ActiveCfg = Release|Any CPU
		{3FC791D3-6771-4149-B17B-8AB88C004E36}.Release|Any CPU.Build.0 = Release|Any CPU
		{469D320B-E1CE-4E4E-A5BE-757F4A318AE7}.Debug|Any CPU.ActiveCfg = Debug|Any CPU
		{469D320B-E1CE-4E4E-A5BE-757F4A318AE7}.Debug|Any CPU.Build.0 = Debug|Any CPU
		{469D320B-E1CE-4E4E-A5BE-757F4A318AE7}.Release|Any CPU.ActiveCfg = Release|Any CPU
		{469D320B-E1CE-4E4E-A5BE-757F4A318AE7}.Release|Any CPU.Build.0 = Release|Any CPU
		{D6FF7F97-1628-4931-B2DF-26368A45F20B}.Debug|Any CPU.ActiveCfg = Debug|Any CPU
		{D6FF7F97-1628-4931-B2DF-26368A45F20B}.Debug|Any CPU.Build.0 = Debug|Any CPU
		{D6FF7F97-1628-4931-B2DF-26368A45F20B}.Release|Any CPU.ActiveCfg = Release|Any CPU
		{D6FF7F97-1628-4931-B2DF-26368A45F20B}.Release|Any CPU.Build.0 = Release|Any CPU
		{5BAA17E0-D189-48D7-B27F-E0B8CB0CA45C}.Debug|Any CPU.ActiveCfg = Debug|Any CPU
		{5BAA17E0-D189-48D7-B27F-E0B8CB0CA45C}.Debug|Any CPU.Build.0 = Debug|Any CPU
		{5BAA17E0-D189-48D7-B27F-E0B8CB0CA45C}.Release|Any CPU.ActiveCfg = Release|Any CPU
		{5BAA17E0-D189-48D7-B27F-E0B8CB0CA45C}.Release|Any CPU.Build.0 = Release|Any CPU
		{25615331-5EE3-43FD-B803-41C3B515132D}.Debug|Any CPU.ActiveCfg = Debug|Any CPU
		{25615331-5EE3-43FD-B803-41C3B515132D}.Debug|Any CPU.Build.0 = Debug|Any CPU
		{25615331-5EE3-43FD-B803-41C3B515132D}.Release|Any CPU.ActiveCfg = Release|Any CPU
		{25615331-5EE3-43FD-B803-41C3B515132D}.Release|Any CPU.Build.0 = Release|Any CPU
		{6B554D20-C693-497D-9183-298F6CC9F632}.Debug|Any CPU.ActiveCfg = Debug|Any CPU
		{6B554D20-C693-497D-9183-298F6CC9F632}.Debug|Any CPU.Build.0 = Debug|Any CPU
		{6B554D20-C693-497D-9183-298F6CC9F632}.Release|Any CPU.ActiveCfg = Release|Any CPU
		{6B554D20-C693-497D-9183-298F6CC9F632}.Release|Any CPU.Build.0 = Release|Any CPU
		{4A9118FE-2109-4D81-A1ED-2F37EBE75118}.Debug|Any CPU.ActiveCfg = Debug|Any CPU
		{4A9118FE-2109-4D81-A1ED-2F37EBE75118}.Debug|Any CPU.Build.0 = Debug|Any CPU
		{4A9118FE-2109-4D81-A1ED-2F37EBE75118}.Release|Any CPU.ActiveCfg = Release|Any CPU
		{4A9118FE-2109-4D81-A1ED-2F37EBE75118}.Release|Any CPU.Build.0 = Release|Any CPU
		{DA38B31C-2703-46E6-969F-F7799C2B8940}.Debug|Any CPU.ActiveCfg = Debug|Any CPU
		{DA38B31C-2703-46E6-969F-F7799C2B8940}.Debug|Any CPU.Build.0 = Debug|Any CPU
		{DA38B31C-2703-46E6-969F-F7799C2B8940}.Release|Any CPU.ActiveCfg = Release|Any CPU
		{DA38B31C-2703-46E6-969F-F7799C2B8940}.Release|Any CPU.Build.0 = Release|Any CPU
	EndGlobalSection
	GlobalSection(SolutionProperties) = preSolution
		HideSolutionNode = FALSE
	EndGlobalSection
	GlobalSection(NestedProjects) = preSolution
		{A2E86D8E-847A-44C8-83BD-E802E8DCE84E} = {9E7DCAAE-C01F-4CC8-BFFD-235B175939A5}
		{26FAD9E2-9F28-45A1-9697-F56097D864FB} = {D7A58800-6790-43BF-A1CF-3A1A0C236B8D}
		{5FD16696-3673-42A0-B70E-D2F06AE45628} = {9E7DCAAE-C01F-4CC8-BFFD-235B175939A5}
		{3FC791D3-6771-4149-B17B-8AB88C004E36} = {D7A58800-6790-43BF-A1CF-3A1A0C236B8D}
		{469D320B-E1CE-4E4E-A5BE-757F4A318AE7} = {9E7DCAAE-C01F-4CC8-BFFD-235B175939A5}
		{D6FF7F97-1628-4931-B2DF-26368A45F20B} = {D7A58800-6790-43BF-A1CF-3A1A0C236B8D}
		{5BAA17E0-D189-48D7-B27F-E0B8CB0CA45C} = {D7A58800-6790-43BF-A1CF-3A1A0C236B8D}
		{25615331-5EE3-43FD-B803-41C3B515132D} = {D7A58800-6790-43BF-A1CF-3A1A0C236B8D}
		{6B554D20-C693-497D-9183-298F6CC9F632} = {D7A58800-6790-43BF-A1CF-3A1A0C236B8D}
		{4A9118FE-2109-4D81-A1ED-2F37EBE75118} = {D7A58800-6790-43BF-A1CF-3A1A0C236B8D}
		{DA38B31C-2703-46E6-969F-F7799C2B8940} = {9E7DCAAE-C01F-4CC8-BFFD-235B175939A5}
	EndGlobalSection
	GlobalSection(ExtensibilityGlobals) = postSolution
		SolutionGuid = {7CDBD522-652E-4C45-8AA9-45C748C4C1EF}
	EndGlobalSection
EndGlobal
