
Microsoft Visual Studio Solution File, Format Version 12.00
# Visual Studio Version 16
VisualStudioVersion = 16.0.30104.148
MinimumVisualStudioVersion = 10.0.40219.1
Project("{2150E333-8FDC-42A3-9474-1A3956D46DE8}") = "src", "src", "{D7A58800-6790-43BF-A1CF-3A1A0C236B8D}"
EndProject
Project("{2150E333-8FDC-42A3-9474-1A3956D46DE8}") = "tests", "tests", "{9E7DCAAE-C01F-4CC8-BFFD-235B175939A5}"
EndProject
Project("{9A19103F-16F7-4668-BE54-9A1E7A4F7556}") = "API", "API\API.csproj", "{C1866A48-ED07-42F0-B58A-A9A3A4F59B80}"
EndProject
Project("{9A19103F-16F7-4668-BE54-9A1E7A4F7556}") = "Core.Domain", "Core.Domain\Core.Domain.csproj", "{D044B4B4-0FE8-446E-9BB5-525A23781136}"
EndProject
Project("{9A19103F-16F7-4668-BE54-9A1E7A4F7556}") = "Core.Application", "Core.Application\Core.Application.csproj", "{F3F698E5-A4B0-4856-A9FA-D39424616953}"
EndProject
Project("{9A19103F-16F7-4668-BE54-9A1E7A4F7556}") = "Common", "Common\Common.csproj", "{F4F97177-F417-4EAD-A30D-5BA9BC429C2B}"
EndProject
Project("{9A19103F-16F7-4668-BE54-9A1E7A4F7556}") = "Infrastructure", "Infrastructure\Infrastructure.csproj", "{F4A2DDA7-D7F7-40D9-A43C-C1AB6C76B76C}"
EndProject
Project("{9A19103F-16F7-4668-BE54-9A1E7A4F7556}") = "Common.UnitTests", "Common.UnitTests\Common.UnitTests.csproj", "{FFBD474D-F549-447A-95CF-BD28963B8947}"
EndProject
Project("{9A19103F-16F7-4668-BE54-9A1E7A4F7556}") = "Core.Application.UnitTests", "Core.Application.UnitTests\Core.Application.UnitTests.csproj", "{BB6E43F8-4146-433F-9663-2C69F2E38827}"
EndProject
Project("{9A19103F-16F7-4668-BE54-9A1E7A4F7556}") = "Core.Domain.UnitTests", "Core.Domain.UnitTests\Core.Domain.UnitTests.csproj", "{0E27789A-6C21-4BE9-8CED-CAC78D1B0635}"
EndProject
Project("{9A19103F-16F7-4668-BE54-9A1E7A4F7556}") = "Persistence.Commands", "Persistence.Commands\Persistence.Commands.csproj", "{90A98DEE-4FDD-4232-9E62-79BDA56EC6F0}"
EndProject
Project("{FAE04EC0-301F-11D3-BF4B-00C04F79EFBC}") = "Persistence.Queries", "Persistence.Queries\Persistence.Queries.csproj", "{3E4D7BC7-6427-472D-B38E-7853B8B99831}"
EndProject
Global
	GlobalSection(SolutionConfigurationPlatforms) = preSolution
		Debug|Any CPU = Debug|Any CPU
		Release|Any CPU = Release|Any CPU
	EndGlobalSection
	GlobalSection(ProjectConfigurationPlatforms) = postSolution
		{C1866A48-ED07-42F0-B58A-A9A3A4F59B80}.Debug|Any CPU.ActiveCfg = Debug|Any CPU
		{C1866A48-ED07-42F0-B58A-A9A3A4F59B80}.Debug|Any CPU.Build.0 = Debug|Any CPU
		{C1866A48-ED07-42F0-B58A-A9A3A4F59B80}.Release|Any CPU.ActiveCfg = Release|Any CPU
		{C1866A48-ED07-42F0-B58A-A9A3A4F59B80}.Release|Any CPU.Build.0 = Release|Any CPU
		{D044B4B4-0FE8-446E-9BB5-525A23781136}.Debug|Any CPU.ActiveCfg = Debug|Any CPU
		{D044B4B4-0FE8-446E-9BB5-525A23781136}.Debug|Any CPU.Build.0 = Debug|Any CPU
		{D044B4B4-0FE8-446E-9BB5-525A23781136}.Release|Any CPU.ActiveCfg = Release|Any CPU
		{D044B4B4-0FE8-446E-9BB5-525A23781136}.Release|Any CPU.Build.0 = Release|Any CPU
		{F3F698E5-A4B0-4856-A9FA-D39424616953}.Debug|Any CPU.ActiveCfg = Debug|Any CPU
		{F3F698E5-A4B0-4856-A9FA-D39424616953}.Debug|Any CPU.Build.0 = Debug|Any CPU
		{F3F698E5-A4B0-4856-A9FA-D39424616953}.Release|Any CPU.ActiveCfg = Release|Any CPU
		{F3F698E5-A4B0-4856-A9FA-D39424616953}.Release|Any CPU.Build.0 = Release|Any CPU
		{F4F97177-F417-4EAD-A30D-5BA9BC429C2B}.Debug|Any CPU.ActiveCfg = Debug|Any CPU
		{F4F97177-F417-4EAD-A30D-5BA9BC429C2B}.Debug|Any CPU.Build.0 = Debug|Any CPU
		{F4F97177-F417-4EAD-A30D-5BA9BC429C2B}.Release|Any CPU.ActiveCfg = Release|Any CPU
		{F4F97177-F417-4EAD-A30D-5BA9BC429C2B}.Release|Any CPU.Build.0 = Release|Any CPU
		{F4A2DDA7-D7F7-40D9-A43C-C1AB6C76B76C}.Debug|Any CPU.ActiveCfg = Debug|Any CPU
		{F4A2DDA7-D7F7-40D9-A43C-C1AB6C76B76C}.Debug|Any CPU.Build.0 = Debug|Any CPU
		{F4A2DDA7-D7F7-40D9-A43C-C1AB6C76B76C}.Release|Any CPU.ActiveCfg = Release|Any CPU
		{F4A2DDA7-D7F7-40D9-A43C-C1AB6C76B76C}.Release|Any CPU.Build.0 = Release|Any CPU
		{FFBD474D-F549-447A-95CF-BD28963B8947}.Debug|Any CPU.ActiveCfg = Debug|Any CPU
		{FFBD474D-F549-447A-95CF-BD28963B8947}.Debug|Any CPU.Build.0 = Debug|Any CPU
		{FFBD474D-F549-447A-95CF-BD28963B8947}.Release|Any CPU.ActiveCfg = Release|Any CPU
		{FFBD474D-F549-447A-95CF-BD28963B8947}.Release|Any CPU.Build.0 = Release|Any CPU
		{BB6E43F8-4146-433F-9663-2C69F2E38827}.Debug|Any CPU.ActiveCfg = Debug|Any CPU
		{BB6E43F8-4146-433F-9663-2C69F2E38827}.Debug|Any CPU.Build.0 = Debug|Any CPU
		{BB6E43F8-4146-433F-9663-2C69F2E38827}.Release|Any CPU.ActiveCfg = Release|Any CPU
		{BB6E43F8-4146-433F-9663-2C69F2E38827}.Release|Any CPU.Build.0 = Release|Any CPU
		{0E27789A-6C21-4BE9-8CED-CAC78D1B0635}.Debug|Any CPU.ActiveCfg = Debug|Any CPU
		{0E27789A-6C21-4BE9-8CED-CAC78D1B0635}.Debug|Any CPU.Build.0 = Debug|Any CPU
		{0E27789A-6C21-4BE9-8CED-CAC78D1B0635}.Release|Any CPU.ActiveCfg = Release|Any CPU
		{0E27789A-6C21-4BE9-8CED-CAC78D1B0635}.Release|Any CPU.Build.0 = Release|Any CPU
		{90A98DEE-4FDD-4232-9E62-79BDA56EC6F0}.Debug|Any CPU.ActiveCfg = Debug|Any CPU
		{90A98DEE-4FDD-4232-9E62-79BDA56EC6F0}.Debug|Any CPU.Build.0 = Debug|Any CPU
		{90A98DEE-4FDD-4232-9E62-79BDA56EC6F0}.Release|Any CPU.ActiveCfg = Release|Any CPU
		{90A98DEE-4FDD-4232-9E62-79BDA56EC6F0}.Release|Any CPU.Build.0 = Release|Any CPU
		{3E4D7BC7-6427-472D-B38E-7853B8B99831}.Debug|Any CPU.ActiveCfg = Debug|Any CPU
		{3E4D7BC7-6427-472D-B38E-7853B8B99831}.Debug|Any CPU.Build.0 = Debug|Any CPU
		{3E4D7BC7-6427-472D-B38E-7853B8B99831}.Release|Any CPU.ActiveCfg = Release|Any CPU
		{3E4D7BC7-6427-472D-B38E-7853B8B99831}.Release|Any CPU.Build.0 = Release|Any CPU
	EndGlobalSection
	GlobalSection(SolutionProperties) = preSolution
		HideSolutionNode = FALSE
	EndGlobalSection
	GlobalSection(NestedProjects) = preSolution
		{C1866A48-ED07-42F0-B58A-A9A3A4F59B80} = {D7A58800-6790-43BF-A1CF-3A1A0C236B8D}
		{D044B4B4-0FE8-446E-9BB5-525A23781136} = {D7A58800-6790-43BF-A1CF-3A1A0C236B8D}
		{F3F698E5-A4B0-4856-A9FA-D39424616953} = {D7A58800-6790-43BF-A1CF-3A1A0C236B8D}
		{F4F97177-F417-4EAD-A30D-5BA9BC429C2B} = {D7A58800-6790-43BF-A1CF-3A1A0C236B8D}
		{F4A2DDA7-D7F7-40D9-A43C-C1AB6C76B76C} = {D7A58800-6790-43BF-A1CF-3A1A0C236B8D}
		{FFBD474D-F549-447A-95CF-BD28963B8947} = {9E7DCAAE-C01F-4CC8-BFFD-235B175939A5}
		{BB6E43F8-4146-433F-9663-2C69F2E38827} = {9E7DCAAE-C01F-4CC8-BFFD-235B175939A5}
		{0E27789A-6C21-4BE9-8CED-CAC78D1B0635} = {9E7DCAAE-C01F-4CC8-BFFD-235B175939A5}
		{90A98DEE-4FDD-4232-9E62-79BDA56EC6F0} = {D7A58800-6790-43BF-A1CF-3A1A0C236B8D}
		{3E4D7BC7-6427-472D-B38E-7853B8B99831} = {D7A58800-6790-43BF-A1CF-3A1A0C236B8D}
	EndGlobalSection
	GlobalSection(ExtensibilityGlobals) = postSolution
		SolutionGuid = {7CDBD522-652E-4C45-8AA9-45C748C4C1EF}
	EndGlobalSection
EndGlobal
